
Microsoft Visual Studio Solution File, Format Version 12.00
# Visual Studio Version 16
VisualStudioVersion = 16.0.30523.141
MinimumVisualStudioVersion = 10.0.40219.1
Project("{FAE04EC0-301F-11D3-BF4B-00C04F79EFBC}") = "time", "time\time.csproj", "{0522FA75-EC39-4287-AA30-874FE0521B92}"
EndProject
Global
	GlobalSection(SolutionConfigurationPlatforms) = preSolution
		Debug|Any CPU = Debug|Any CPU
		Release|Any CPU = Release|Any CPU
	EndGlobalSection
	GlobalSection(ProjectConfigurationPlatforms) = postSolution
		{0522FA75-EC39-4287-AA30-874FE0521B92}.Debug|Any CPU.ActiveCfg = Debug|Any CPU
		{0522FA75-EC39-4287-AA30-874FE0521B92}.Debug|Any CPU.Build.0 = Debug|Any CPU
		{0522FA75-EC39-4287-AA30-874FE0521B92}.Release|Any CPU.ActiveCfg = Release|Any CPU
		{0522FA75-EC39-4287-AA30-874FE0521B92}.Release|Any CPU.Build.0 = Release|Any CPU
	EndGlobalSection
	GlobalSection(SolutionProperties) = preSolution
		HideSolutionNode = FALSE
	EndGlobalSection
	GlobalSection(ExtensibilityGlobals) = postSolution
		SolutionGuid = {FB0CC2E5-F0B8-4A0B-A049-5C89D737F10C}
	EndGlobalSection
EndGlobal
